{
    "_meta": {
        "hash": {
            "sha256": "9c57692f04d937dea27bcd6bfbff82634e925a70771fe5a1a779d7860e252c46"
        },
        "pipfile-spec": 6,
        "requires": {
            "python_full_version": "3.10.4",
            "python_version": "3.10"
        },
        "sources": [
            {
                "name": "pypi",
                "url": "https://pypi.org/simple",
                "verify_ssl": true
            }
        ]
    },
    "default": {
        "mysql-connector-python": {
            "hashes": [
                "sha256:145aeb75eefb7425e0a7fb36a4f95ebfe79e06be7c69a4045d34cde95c666dc4",
                "sha256:1c0a11f3ffbf850f2ca7b39e6c82021e8de910ddaeffd856e53dca028d21c923",
                "sha256:1f399f3c2599d2591854cd0e0a24c7c399dff21ac5accb6e52e06924de29f3f4",
                "sha256:232095f0c36266510009b0f1214d2823a649efb8bc511dbab9ce8847f66ab08a",
                "sha256:283fe6f647e9d684feb1b7c48fa6a46b1e72c59ecdd6ea2b62392cd80c1a6701",
                "sha256:4b2d00c9e2cb9e3d11c57ec411226f43aa627607085fbed661cfea1c4dc57f61",
                "sha256:4df11c683924ef34c177a54887dc4844ae735b01c8a29ce6ab92d6d3db7a2757",
                "sha256:677b5c6dcaec7e2a4bf95b991a869f4d371114f69a0d9a5bb236e988c8f4c376",
                "sha256:6cdba2779bcd16af0ceff0a6e50d33e6664a83f8d17d70524beb6f677a6d1fae",
                "sha256:7f7a69db9e0c36764a6c65377f6174aee46e484520e48659e7aa674415b8e192",
                "sha256:8c334c41cd1c5bcfa3550340253ef7d9d3b962211f33327c20f69706a0bcce06",
                "sha256:8c5bfedc979d7858402f39c20d66a6cf03ca4c960732a98318126c278535ddb2",
                "sha256:93b1eb3e07d19a23ccf2605d818aacee0d842b1820bbeef8d0022d8d3d014ab9",
                "sha256:992b7a464daa398e86df8c75f7d8cd6044f884ff9087e782120fc8beff96c638",
                "sha256:ab13dd6ede0e0e99ba97c73946462c3420625ab6e63fe13b6fc350e30eb3298d",
                "sha256:bd52a462759aa324a60054c4b44dc8b32007187a328f72be6b58f193d5e32a91",
                "sha256:bdd716b1e162fe4b3887f6617e9ddcfa659ba96a9ddb22feeae208a72f43d22f",
                "sha256:be82357cc7e7e1377e2f4f8c18aa89c8aab6c0117155cf9fcf18e3cd0eb6ac8e",
                "sha256:c2d20b29fd096a0633f9360c275bd2434d4bcf597281991c4b7f1c820cd07b84",
                "sha256:c8bba02501525e1fbbba094a6d8d391d1534e8be41be6396c3e1b9f7d9d13b1c",
                "sha256:c990f4c0702d1739076261c4dece1042e1eb18bf34e0d8516d19ec5166a205ce",
                "sha256:d6b54656ca131a4f0f17b9d0adddc60f84fd982d64e06360026d5b06e5dbf865",
                "sha256:e0299236297b63bf6cbb61d81a9d400bc01cad4743d1abe5296ef349de15ee53",
                "sha256:e722b6ffa5b0d7188eebac792b18bc871643db505bf60d0e6bd2859f31e5ed79",
                "sha256:fd233c83daaf048c1f9827be984c2721576ae0adf50e139429a06ccd094987d9"
            ],
            "index": "pypi",
            "version": "==8.0.32"
        },
        "protobuf": {
            "hashes": [
                "sha256:03038ac1cfbc41aa21f6afcbcd357281d7521b4157926f30ebecc8d4ea59dcb7",
                "sha256:28545383d61f55b57cf4df63eebd9827754fd2dc25f80c5253f9184235db242c",
                "sha256:2e3427429c9cffebf259491be0af70189607f365c2f41c7c3764af6f337105f2",
                "sha256:398a9e0c3eaceb34ec1aee71894ca3299605fa8e761544934378bbc6c97de23b",
                "sha256:44246bab5dd4b7fbd3c0c80b6f16686808fab0e4aca819ade6e8d294a29c7050",
                "sha256:447d43819997825d4e71bf5769d869b968ce96848b6479397e29fc24c4a5dfe9",
                "sha256:67a3598f0a2dcbc58d02dd1928544e7d88f764b47d4a286202913f0b2801c2e7",
                "sha256:74480f79a023f90dc6e18febbf7b8bac7508420f2006fabd512013c0c238f454",
                "sha256:819559cafa1a373b7096a482b504ae8a857c89593cf3a25af743ac9ecbd23480",
                "sha256:899dc660cd599d7352d6f10d83c95df430a38b410c1b66b407a6b29265d66469",
                "sha256:8c0c984a1b8fef4086329ff8dd19ac77576b384079247c770f29cc8ce3afa06c",
                "sha256:9aae4406ea63d825636cc11ffb34ad3379335803216ee3a856787bcf5ccc751e",
                "sha256:a7ca6d488aa8ff7f329d4c545b2dbad8ac31464f1d8b1c87ad1346717731e4db",
                "sha256:b6cc7ba72a8850621bfec987cb72623e703b7fe2b9127a161ce61e61558ad905",
                "sha256:bf01b5720be110540be4286e791db73f84a2b721072a3711efff6c324cdf074b",
                "sha256:c02ce36ec760252242a33967d51c289fd0e1c0e6e5cc9397e2279177716add86",
                "sha256:d9e4432ff660d67d775c66ac42a67cf2453c27cb4d738fc22cb53b5d84c135d4",
                "sha256:daa564862dd0d39c00f8086f88700fdbe8bc717e993a21e90711acfed02f2402",
                "sha256:de78575669dddf6099a8a0f46a27e82a1783c557ccc38ee620ed8cc96d3be7d7",
                "sha256:e64857f395505ebf3d2569935506ae0dfc4a15cb80dc25261176c784662cdcc4",
                "sha256:f4bd856d702e5b0d96a00ec6b307b0f51c1982c2bf9c0052cf9019e9a544ba99",
                "sha256:f4c42102bc82a51108e449cbb32b19b180022941c727bac0cfd50170341f16ee"
            ],
            "markers": "python_version >= '3.7'",
            "version": "==3.20.3"
        },
        "pyqt6": {
            "hashes": [
                "sha256:18d1daf98d9236d55102cdadafd1056f5802f3c9288fcf7238569937b71a89f0",
                "sha256:25bd399b4a95dce65d5f937c1aa85d3c7e14a21745ae2a4ca14c0116cd104290",
                "sha256:740244f608fe15ee1d89695c43f31a14caeca41c4f02ac36c86dfba4a5d5813d",
                "sha256:c128bc0f17833e324593e3db83e99470d451a197dd17ff0333927b946c935bd9"
            ],
            "index": "pypi",
            "version": "==6.4.2"
        },
        "pyqt6-qt6": {
            "hashes": [
                "sha256:9f07c3c100cb46cca4074965e7494d4df4f0fc016497d5303c1fe135822876e1",
                "sha256:a29b8c858babd523e80c8db5f8fd19792641588ec04eab49af18b7a4423eb99f",
                "sha256:c0e91d0275d428496cacff717a9b719c52bfa52b21f124d638b79cc2217bc81e",
                "sha256:d19c4e72615762cd6f0b043f23fa5f0b02656091427ce6de1efccd58e10e6a53"
            ],
            "version": "==6.4.2"
        },
        "pyqt6-sip": {
            "hashes": [
                "sha256:0df998f2b6ceeacfd10de773441572e215be0c9cae566cc7dd36e231bf714a12",
                "sha256:224575e84805c4317bacd5d1b8e93e0ad5c48685dadbbe1e902d4ebe16f22828",
                "sha256:36ae29cdc223cacc1257d0f5075cf81474550c6d26b728f922487a2aa935f130",
                "sha256:3a674c591d4274d4ea8127205290e927a7dab0eb87a0038d4f4ea1d430782649",
                "sha256:3ef9392e4ae29d393b79237d85840cdc6b8831f36eed5d56c7d9b329b380cc8d",
                "sha256:43935873d60f57719632840d517afee04ef8f30e92cfe0dadc7e6326691920fc",
                "sha256:5731f22618435654352ef07684549a17be82b75254227fc80b4b5b0b59fc6656",
                "sha256:5bc4beb6fb1de4c9ba8beee7b1a4a813fa888c3b095206dafcd25d7e6e4ed2a7",
                "sha256:5c36ab984402e96792eebf4b031abfaa589aa20af3190a79c54502c16964d97e",
                "sha256:a2a0461992c6657f343308b150c4d6b57e9e7a0e5c2f79538434e7fb869ea827",
                "sha256:a81490ee84d7a41a126b116081bd97d758f41bf706aee0a8cec24d6e4c660184",
                "sha256:e00e287ea05bbc293fc6e2198301962af9b7b622bd2daf4288f925a88ae35dc9",
                "sha256:e670a7b2fb7e32204ce67d274017bfff3e21139d217d60cebbfcb75b019c91ee",
                "sha256:ee06f255787a0b4957f357f93b78d2a11ca3761916833e3afa83f1381d4d1a46",
                "sha256:fbee0d554e0e98f56dbf6d94b00a28cc32425938ad7ae98fd91f8822c5b24d45",
                "sha256:fcc6d78314783f4a193f02353f431b7ea4d357f47c3c7a7d0740e723f69c64dc"
            ],
            "markers": "python_version >= '3.7'",
            "version": "==13.4.1"
        }
    },
    "develop": {}
}
